
Microsoft Visual Studio Solution File, Format Version 12.00
# Visual Studio Version 17
VisualStudioVersion = 17.0.32014.148
MinimumVisualStudioVersion = 10.0.40219.1
Project("{FAE04EC0-301F-11D3-BF4B-00C04F79EFBC}") = "Calculator", "Calculator\Calculator.csproj", "{7FE737C5-FC82-48EA-8740-7587DA067625}"
EndProject
Project("{9A19103F-16F7-4668-BE54-9A1E7A4F7556}") = "Schach", "Schach\Schach.csproj", "{0A5A6123-84E0-41E5-9396-AAFEAD861085}"
EndProject
Global
	GlobalSection(SolutionConfigurationPlatforms) = preSolution
		Debug|Any CPU = Debug|Any CPU
		Release|Any CPU = Release|Any CPU
	EndGlobalSection
	GlobalSection(ProjectConfigurationPlatforms) = postSolution
		{7FE737C5-FC82-48EA-8740-7587DA067625}.Debug|Any CPU.ActiveCfg = Debug|Any CPU
		{7FE737C5-FC82-48EA-8740-7587DA067625}.Debug|Any CPU.Build.0 = Debug|Any CPU
		{7FE737C5-FC82-48EA-8740-7587DA067625}.Release|Any CPU.ActiveCfg = Release|Any CPU
		{7FE737C5-FC82-48EA-8740-7587DA067625}.Release|Any CPU.Build.0 = Release|Any CPU
		{0A5A6123-84E0-41E5-9396-AAFEAD861085}.Debug|Any CPU.ActiveCfg = Debug|Any CPU
		{0A5A6123-84E0-41E5-9396-AAFEAD861085}.Debug|Any CPU.Build.0 = Debug|Any CPU
		{0A5A6123-84E0-41E5-9396-AAFEAD861085}.Release|Any CPU.ActiveCfg = Release|Any CPU
		{0A5A6123-84E0-41E5-9396-AAFEAD861085}.Release|Any CPU.Build.0 = Release|Any CPU
	EndGlobalSection
	GlobalSection(SolutionProperties) = preSolution
		HideSolutionNode = FALSE
	EndGlobalSection
	GlobalSection(ExtensibilityGlobals) = postSolution
		SolutionGuid = {BEB829EE-4806-4877-877F-3A18A90C6090}
	EndGlobalSection
EndGlobal
